
Microsoft Visual Studio Solution File, Format Version 12.00
Project("{F2A71F9B-5D33-465A-A702-920D77279786}") = "HW", "HW.fsproj", "{829E3937-6C7C-4209-AA6F-C43AD559A211}"
EndProject
Global
	GlobalSection(SolutionConfigurationPlatforms) = preSolution
		Debug|Any CPU = Debug|Any CPU
		Release|Any CPU = Release|Any CPU
	EndGlobalSection
	GlobalSection(ProjectConfigurationPlatforms) = postSolution
		{829E3937-6C7C-4209-AA6F-C43AD559A211}.Debug|Any CPU.ActiveCfg = Debug|Any CPU
		{829E3937-6C7C-4209-AA6F-C43AD559A211}.Debug|Any CPU.Build.0 = Debug|Any CPU
		{829E3937-6C7C-4209-AA6F-C43AD559A211}.Release|Any CPU.ActiveCfg = Release|Any CPU
		{829E3937-6C7C-4209-AA6F-C43AD559A211}.Release|Any CPU.Build.0 = Release|Any CPU
	EndGlobalSection
EndGlobal
